<?xml version="1.0" encoding="utf-8"?>
<Project ToolsVersion="4.0" xmlns="http://schemas.microsoft.com/developer/msbuild/2003">
  <ItemGroup>
    <Filter Include="源文件">
      <UniqueIdentifier>{4FC737F1-C7A5-4376-A066-2A32D752A2FF}</UniqueIdentifier>
      <Extensions>cpp;c;cc;cxx;def;odl;idl;hpj;bat;asm;asmx</Extensions>
    </Filter>
    <Filter Include="头文件">
      <UniqueIdentifier>{93995380-89BD-4b04-88EB-625FBE52EBFB}</UniqueIdentifier>
      <Extensions>h;hh;hpp;hxx;hm;inl;inc;ipp;xsd</Extensions>
    </Filter>
    <Filter Include="资源文件">
      <UniqueIdentifier>{67DA6AB6-F800-4c08-8B7A-83BB121AAD01}</UniqueIdentifier>
      <Extensions>rc;ico;cur;bmp;dlg;rc2;rct;bin;rgs;gif;jpg;jpeg;jpe;resx;tiff;tif;png;wav;mfcribbon-ms</Extensions>
    </Filter>
  </ItemGroup>
  <ItemGroup>
    <ClCompile Include="src\AdaptiveWeightAggregation.cpp">
      <Filter>源文件</Filter>
    </ClCompile>
    <ClCompile Include="src\CensusTransform.cpp">
      <Filter>源文件</Filter>
    </ClCompile>
    <ClCompile Include="src\CombineCost.cpp">
      <Filter>源文件</Filter>
    </ClCompile>
    <ClCompile Include="src\ConstBlockAggregation.cpp">
      <Filter>源文件</Filter>
    </ClCompile>
    <ClCompile Include="src\ConvolveImage.cpp">
      <Filter>源文件</Filter>
    </ClCompile>
    <ClCompile Include="src\CostAggregationMatching.cpp">
      <Filter>源文件</Filter>
    </ClCompile>
    <ClCompile Include="src\CrossBasedAggregation.cpp">
      <Filter>源文件</Filter>
    </ClCompile>
    <ClCompile Include="src\CrossCheck.cpp">
      <Filter>源文件</Filter>
    </ClCompile>
    <ClCompile Include="src\medianFilter.cpp">
      <Filter>源文件</Filter>
    </ClCompile>
    <ClCompile Include="src\NCCDisparity.cpp">
      <Filter>源文件</Filter>
    </ClCompile>
    <ClCompile Include="src\PixelBasedCost.cpp">
      <Filter>源文件</Filter>
    </ClCompile>
    <ClCompile Include="src\RankFilter.cpp">
      <Filter>源文件</Filter>
    </ClCompile>
    <ClCompile Include="src\WTA.cpp">
      <Filter>源文件</Filter>
    </ClCompile>
    <ClCompile Include="src\Evaluate.cpp">
      <Filter>源文件</Filter>
    </ClCompile>
  </ItemGroup>
  <ItemGroup>
    <ClInclude Include="src\AdaptiveWeightAggreagtion.h">
      <Filter>头文件</Filter>
    </ClInclude>
    <ClInclude Include="src\CensusTransform.h">
      <Filter>头文件</Filter>
    </ClInclude>
    <ClInclude Include="src\CombineCost.h">
      <Filter>头文件</Filter>
    </ClInclude>
    <ClInclude Include="src\ConstBlockAggregation.h">
      <Filter>头文件</Filter>
    </ClInclude>
    <ClInclude Include="src\ConvolveImage.h">
      <Filter>头文件</Filter>
    </ClInclude>
    <ClInclude Include="src\CrossBasedAggregation.h">
      <Filter>头文件</Filter>
    </ClInclude>
    <ClInclude Include="src\CrossCheck.h">
      <Filter>头文件</Filter>
    </ClInclude>
    <ClInclude Include="src\medianFilter.h">
      <Filter>头文件</Filter>
    </ClInclude>
    <ClInclude Include="src\NCCDisparity.h">
      <Filter>头文件</Filter>
    </ClInclude>
    <ClInclude Include="src\PixelBasedCost.h">
      <Filter>头文件</Filter>
    </ClInclude>
    <ClInclude Include="src\RankFilter.h">
      <Filter>头文件</Filter>
    </ClInclude>
    <ClInclude Include="src\WTA.h">
      <Filter>头文件</Filter>
    </ClInclude>
    <ClInclude Include="src\Evaluate.h">
      <Filter>头文件</Filter>
    </ClInclude>
  </ItemGroup>
</Project>